
Microsoft Visual Studio Solution File, Format Version 12.00
# Visual Studio Version 17
VisualStudioVersion = 17.10.35013.160
MinimumVisualStudioVersion = 10.0.40219.1
Project("{FAE04EC0-301F-11D3-BF4B-00C04F79EFBC}") = "BlazorApp1", "BlazorApp1\BlazorApp1.csproj", "{5E6AEFA8-DD18-4BB6-A081-1AF603FB763B}"
EndProject
Global
	GlobalSection(SolutionConfigurationPlatforms) = preSolution
		Debug|Any CPU = Debug|Any CPU
		Release|Any CPU = Release|Any CPU
	EndGlobalSection
	GlobalSection(ProjectConfigurationPlatforms) = postSolution
		{5E6AEFA8-DD18-4BB6-A081-1AF603FB763B}.Debug|Any CPU.ActiveCfg = Debug|Any CPU
		{5E6AEFA8-DD18-4BB6-A081-1AF603FB763B}.Debug|Any CPU.Build.0 = Debug|Any CPU
		{5E6AEFA8-DD18-4BB6-A081-1AF603FB763B}.Release|Any CPU.ActiveCfg = Release|Any CPU
		{5E6AEFA8-DD18-4BB6-A081-1AF603FB763B}.Release|Any CPU.Build.0 = Release|Any CPU
	EndGlobalSection
	GlobalSection(SolutionProperties) = preSolution
		HideSolutionNode = FALSE
	EndGlobalSection
	GlobalSection(ExtensibilityGlobals) = postSolution
		SolutionGuid = {B38FDCDE-5FE4-48C7-B803-1931856010CC}
	EndGlobalSection
EndGlobal
